# generated by rye
# use `rye lock` or `rye sync` to update this lockfile
#
# last locked with the following flags:
#   pre: false
#   features: []
#   all-features: false
#   with-sources: false
#   generate-hashes: false

-e file:.
annotated-types==0.7.0
    # via pydantic
iniconfig==2.0.0
    # via pytest
numpy==2.1.1
    # via pandas
    # via pyarrow
packaging==24.1
    # via pytest
pandas==2.2.2
    # via regression-tester
pluggy==1.5.0
    # via pytest
polars==1.6.0
    # via regression-tester
pyarrow==17.0.0
    # via regression-tester
pydantic==2.9.1
    # via regression-tester
pydantic-core==2.23.3
    # via pydantic
pytest==8.3.3
    # via pytest-mock
pytest-mock==3.14.0
    # via regression-tester
python-dateutil==2.9.0.post0
    # via pandas
pytz==2024.1
    # via pandas
six==1.16.0
    # via python-dateutil
typing-extensions==4.12.2
    # via pydantic
    # via pydantic-core
tzdata==2024.1
    # via pandas
